
Microsoft Visual Studio Solution File, Format Version 12.00
# Visual Studio Version 17
VisualStudioVersion = 17.9.34728.123
MinimumVisualStudioVersion = 10.0.40219.1
Project("{FAE04EC0-301F-11D3-BF4B-00C04F79EFBC}") = "ConsoleApp1", "ConsoleApp1\ConsoleApp1.csproj", "{5C4E76BA-A9B3-4954-B2AB-74B39FB2B178}"
EndProject
Global
	GlobalSection(SolutionConfigurationPlatforms) = preSolution
		Debug|Any CPU = Debug|Any CPU
		Release|Any CPU = Release|Any CPU
	EndGlobalSection
	GlobalSection(ProjectConfigurationPlatforms) = postSolution
		{5C4E76BA-A9B3-4954-B2AB-74B39FB2B178}.Debug|Any CPU.ActiveCfg = Debug|Any CPU
		{5C4E76BA-A9B3-4954-B2AB-74B39FB2B178}.Debug|Any CPU.Build.0 = Debug|Any CPU
		{5C4E76BA-A9B3-4954-B2AB-74B39FB2B178}.Release|Any CPU.ActiveCfg = Release|Any CPU
		{5C4E76BA-A9B3-4954-B2AB-74B39FB2B178}.Release|Any CPU.Build.0 = Release|Any CPU
	EndGlobalSection
	GlobalSection(SolutionProperties) = preSolution
		HideSolutionNode = FALSE
	EndGlobalSection
	GlobalSection(ExtensibilityGlobals) = postSolution
		SolutionGuid = {91310528-1483-44B5-8442-24232FCB7613}
	EndGlobalSection
EndGlobal
